
Microsoft Visual Studio Solution File, Format Version 12.00
# Visual Studio 2013
VisualStudioVersion = 12.0.30110.0
MinimumVisualStudioVersion = 10.0.40219.1
Project("{2150E333-8FDC-42A3-9474-1A3956D46DE8}") = "CompilationAndLinking", "CompilationAndLinking", "{88151FB7-D71D-43B2-B1F1-416E69931F8A}"
EndProject
Project("{8BC9CEB8-8B4A-11D0-8D11-00A0C91BC942}") = "HelloCpp", "HelloCpp\HelloCpp.vcxproj", "{11B02D76-FBA3-4B96-A5B2-CC075A0DF247}"
	ProjectSection(ProjectDependencies) = postProject
		{FC558F2B-8274-46B2-A4A7-D2169DC685C1} = {FC558F2B-8274-46B2-A4A7-D2169DC685C1}
		{9D6D27DE-BC76-403E-9672-6EBA6EDC38A0} = {9D6D27DE-BC76-403E-9672-6EBA6EDC38A0}
	EndProjectSection
EndProject
Project("{8BC9CEB8-8B4A-11D0-8D11-00A0C91BC942}") = "StaticLib", "StaticLib\StaticLib.vcxproj", "{FC558F2B-8274-46B2-A4A7-D2169DC685C1}"
EndProject
Project("{8BC9CEB8-8B4A-11D0-8D11-00A0C91BC942}") = "DynamicLib", "DynamicLib\DynamicLib.vcxproj", "{9D6D27DE-BC76-403E-9672-6EBA6EDC38A0}"
EndProject
Project("{FAE04EC0-301F-11D3-BF4B-00C04F79EFBC}") = "CppConsumer", "CppConsumer\CppConsumer.csproj", "{714599C7-EAC8-4A4D-AF3F-CDE2B813682D}"
EndProject
Project("{2150E333-8FDC-42A3-9474-1A3956D46DE8}") = "BasicSyntax", "BasicSyntax", "{83EE0973-3FCE-4D89-A447-A14189B46B11}"
EndProject
Project("{8BC9CEB8-8B4A-11D0-8D11-00A0C91BC942}") = "BasicSyntax", "BasicSyntax\BasicSyntax.vcxproj", "{3E76ED3E-80E5-422D-9421-B21AA63E31A5}"
EndProject
Project("{2150E333-8FDC-42A3-9474-1A3956D46DE8}") = "FunctionsAndVariables", "FunctionsAndVariables", "{9391D644-2CA9-4DBD-9437-F46404BB844D}"
EndProject
Project("{8BC9CEB8-8B4A-11D0-8D11-00A0C91BC942}") = "FunctionsAndVariables", "FunctionsAndVariables\FunctionsAndVariables.vcxproj", "{1898861B-380E-4029-AB77-B1BC03215194}"
EndProject
Project("{2150E333-8FDC-42A3-9474-1A3956D46DE8}") = "Solution Items", "Solution Items", "{AF0D9969-AFE1-4BF2-969C-607D24F85897}"
EndProject
Project("{2150E333-8FDC-42A3-9474-1A3956D46DE8}") = "ControlFlow", "ControlFlow", "{D0D4C386-3919-46D9-9CEF-1309B91269A6}"
EndProject
Project("{8BC9CEB8-8B4A-11D0-8D11-00A0C91BC942}") = "ControlFlow", "ControlFlow\ControlFlow.vcxproj", "{1E6DF9F5-6962-4623-B04A-F3A4743A25FB}"
EndProject
Project("{2150E333-8FDC-42A3-9474-1A3956D46DE8}") = "OOP", "OOP", "{B388354E-DD1D-4AA7-B2E3-061E7AE83213}"
EndProject
Project("{8BC9CEB8-8B4A-11D0-8D11-00A0C91BC942}") = "OOP", "OOP\OOP.vcxproj", "{9198F614-2C45-43F9-A582-C2723CBCB7DF}"
EndProject
Project("{2150E333-8FDC-42A3-9474-1A3956D46DE8}") = "MemoryManagement", "MemoryManagement", "{A9C330CA-942B-4DB5-903E-A246609A1398}"
EndProject
Project("{8BC9CEB8-8B4A-11D0-8D11-00A0C91BC942}") = "MemoryManagement", "MemoryManagement\MemoryManagement.vcxproj", "{F7D4F17F-1999-4604-A938-C6DF1C3CAFCA}"
EndProject
Project("{2150E333-8FDC-42A3-9474-1A3956D46DE8}") = "Templates", "Templates", "{ADBD9152-6E06-4191-A628-96F8FA8C1296}"
EndProject
Project("{8BC9CEB8-8B4A-11D0-8D11-00A0C91BC942}") = "Templates", "Templates\Templates.vcxproj", "{1617E300-55AC-4E72-81BA-81004B3FA46A}"
EndProject
Project("{2150E333-8FDC-42A3-9474-1A3956D46DE8}") = "STL", "STL", "{3294E150-9C7A-42E6-8606-ED6EFE2B8F73}"
EndProject
Project("{8BC9CEB8-8B4A-11D0-8D11-00A0C91BC942}") = "STL", "STL\STL.vcxproj", "{D8F9375C-1F23-4C97-A136-12D1A7F1ACFF}"
EndProject
Global
	GlobalSection(SolutionConfigurationPlatforms) = preSolution
		Debug|Any CPU = Debug|Any CPU
		Debug|Mixed Platforms = Debug|Mixed Platforms
		Debug|Win32 = Debug|Win32
		Release|Any CPU = Release|Any CPU
		Release|Mixed Platforms = Release|Mixed Platforms
		Release|Win32 = Release|Win32
	EndGlobalSection
	GlobalSection(ProjectConfigurationPlatforms) = postSolution
		{11B02D76-FBA3-4B96-A5B2-CC075A0DF247}.Debug|Any CPU.ActiveCfg = Debug|Win32
		{11B02D76-FBA3-4B96-A5B2-CC075A0DF247}.Debug|Mixed Platforms.ActiveCfg = Debug|Win32
		{11B02D76-FBA3-4B96-A5B2-CC075A0DF247}.Debug|Mixed Platforms.Build.0 = Debug|Win32
		{11B02D76-FBA3-4B96-A5B2-CC075A0DF247}.Debug|Win32.ActiveCfg = Debug|Win32
		{11B02D76-FBA3-4B96-A5B2-CC075A0DF247}.Debug|Win32.Build.0 = Debug|Win32
		{11B02D76-FBA3-4B96-A5B2-CC075A0DF247}.Release|Any CPU.ActiveCfg = Release|Win32
		{11B02D76-FBA3-4B96-A5B2-CC075A0DF247}.Release|Mixed Platforms.ActiveCfg = Release|Win32
		{11B02D76-FBA3-4B96-A5B2-CC075A0DF247}.Release|Mixed Platforms.Build.0 = Release|Win32
		{11B02D76-FBA3-4B96-A5B2-CC075A0DF247}.Release|Win32.ActiveCfg = Release|Win32
		{11B02D76-FBA3-4B96-A5B2-CC075A0DF247}.Release|Win32.Build.0 = Release|Win32
		{FC558F2B-8274-46B2-A4A7-D2169DC685C1}.Debug|Any CPU.ActiveCfg = Debug|Win32
		{FC558F2B-8274-46B2-A4A7-D2169DC685C1}.Debug|Mixed Platforms.ActiveCfg = Debug|Win32
		{FC558F2B-8274-46B2-A4A7-D2169DC685C1}.Debug|Mixed Platforms.Build.0 = Debug|Win32
		{FC558F2B-8274-46B2-A4A7-D2169DC685C1}.Debug|Win32.ActiveCfg = Debug|Win32
		{FC558F2B-8274-46B2-A4A7-D2169DC685C1}.Debug|Win32.Build.0 = Debug|Win32
		{FC558F2B-8274-46B2-A4A7-D2169DC685C1}.Release|Any CPU.ActiveCfg = Release|Win32
		{FC558F2B-8274-46B2-A4A7-D2169DC685C1}.Release|Mixed Platforms.ActiveCfg = Release|Win32
		{FC558F2B-8274-46B2-A4A7-D2169DC685C1}.Release|Mixed Platforms.Build.0 = Release|Win32
		{FC558F2B-8274-46B2-A4A7-D2169DC685C1}.Release|Win32.ActiveCfg = Release|Win32
		{FC558F2B-8274-46B2-A4A7-D2169DC685C1}.Release|Win32.Build.0 = Release|Win32
		{9D6D27DE-BC76-403E-9672-6EBA6EDC38A0}.Debug|Any CPU.ActiveCfg = Debug|Win32
		{9D6D27DE-BC76-403E-9672-6EBA6EDC38A0}.Debug|Mixed Platforms.ActiveCfg = Debug|Win32
		{9D6D27DE-BC76-403E-9672-6EBA6EDC38A0}.Debug|Mixed Platforms.Build.0 = Debug|Win32
		{9D6D27DE-BC76-403E-9672-6EBA6EDC38A0}.Debug|Win32.ActiveCfg = Debug|Win32
		{9D6D27DE-BC76-403E-9672-6EBA6EDC38A0}.Debug|Win32.Build.0 = Debug|Win32
		{9D6D27DE-BC76-403E-9672-6EBA6EDC38A0}.Release|Any CPU.ActiveCfg = Release|Win32
		{9D6D27DE-BC76-403E-9672-6EBA6EDC38A0}.Release|Mixed Platforms.ActiveCfg = Release|Win32
		{9D6D27DE-BC76-403E-9672-6EBA6EDC38A0}.Release|Mixed Platforms.Build.0 = Release|Win32
		{9D6D27DE-BC76-403E-9672-6EBA6EDC38A0}.Release|Win32.ActiveCfg = Release|Win32
		{9D6D27DE-BC76-403E-9672-6EBA6EDC38A0}.Release|Win32.Build.0 = Release|Win32
		{714599C7-EAC8-4A4D-AF3F-CDE2B813682D}.Debug|Any CPU.ActiveCfg = Debug|Any CPU
		{714599C7-EAC8-4A4D-AF3F-CDE2B813682D}.Debug|Any CPU.Build.0 = Debug|Any CPU
		{714599C7-EAC8-4A4D-AF3F-CDE2B813682D}.Debug|Mixed Platforms.ActiveCfg = Debug|Any CPU
		{714599C7-EAC8-4A4D-AF3F-CDE2B813682D}.Debug|Mixed Platforms.Build.0 = Debug|Any CPU
		{714599C7-EAC8-4A4D-AF3F-CDE2B813682D}.Debug|Win32.ActiveCfg = Debug|Any CPU
		{714599C7-EAC8-4A4D-AF3F-CDE2B813682D}.Release|Any CPU.ActiveCfg = Release|Any CPU
		{714599C7-EAC8-4A4D-AF3F-CDE2B813682D}.Release|Any CPU.Build.0 = Release|Any CPU
		{714599C7-EAC8-4A4D-AF3F-CDE2B813682D}.Release|Mixed Platforms.ActiveCfg = Release|Any CPU
		{714599C7-EAC8-4A4D-AF3F-CDE2B813682D}.Release|Mixed Platforms.Build.0 = Release|Any CPU
		{714599C7-EAC8-4A4D-AF3F-CDE2B813682D}.Release|Win32.ActiveCfg = Release|Any CPU
		{3E76ED3E-80E5-422D-9421-B21AA63E31A5}.Debug|Any CPU.ActiveCfg = Debug|Win32
		{3E76ED3E-80E5-422D-9421-B21AA63E31A5}.Debug|Mixed Platforms.ActiveCfg = Debug|Win32
		{3E76ED3E-80E5-422D-9421-B21AA63E31A5}.Debug|Mixed Platforms.Build.0 = Debug|Win32
		{3E76ED3E-80E5-422D-9421-B21AA63E31A5}.Debug|Win32.ActiveCfg = Debug|Win32
		{3E76ED3E-80E5-422D-9421-B21AA63E31A5}.Debug|Win32.Build.0 = Debug|Win32
		{3E76ED3E-80E5-422D-9421-B21AA63E31A5}.Release|Any CPU.ActiveCfg = Release|Win32
		{3E76ED3E-80E5-422D-9421-B21AA63E31A5}.Release|Mixed Platforms.ActiveCfg = Release|Win32
		{3E76ED3E-80E5-422D-9421-B21AA63E31A5}.Release|Mixed Platforms.Build.0 = Release|Win32
		{3E76ED3E-80E5-422D-9421-B21AA63E31A5}.Release|Win32.ActiveCfg = Release|Win32
		{3E76ED3E-80E5-422D-9421-B21AA63E31A5}.Release|Win32.Build.0 = Release|Win32
		{1898861B-380E-4029-AB77-B1BC03215194}.Debug|Any CPU.ActiveCfg = Debug|Win32
		{1898861B-380E-4029-AB77-B1BC03215194}.Debug|Mixed Platforms.ActiveCfg = Debug|Win32
		{1898861B-380E-4029-AB77-B1BC03215194}.Debug|Mixed Platforms.Build.0 = Debug|Win32
		{1898861B-380E-4029-AB77-B1BC03215194}.Debug|Win32.ActiveCfg = Debug|Win32
		{1898861B-380E-4029-AB77-B1BC03215194}.Debug|Win32.Build.0 = Debug|Win32
		{1898861B-380E-4029-AB77-B1BC03215194}.Release|Any CPU.ActiveCfg = Release|Win32
		{1898861B-380E-4029-AB77-B1BC03215194}.Release|Mixed Platforms.ActiveCfg = Release|Win32
		{1898861B-380E-4029-AB77-B1BC03215194}.Release|Mixed Platforms.Build.0 = Release|Win32
		{1898861B-380E-4029-AB77-B1BC03215194}.Release|Win32.ActiveCfg = Release|Win32
		{1898861B-380E-4029-AB77-B1BC03215194}.Release|Win32.Build.0 = Release|Win32
		{1E6DF9F5-6962-4623-B04A-F3A4743A25FB}.Debug|Any CPU.ActiveCfg = Debug|Win32
		{1E6DF9F5-6962-4623-B04A-F3A4743A25FB}.Debug|Mixed Platforms.ActiveCfg = Debug|Win32
		{1E6DF9F5-6962-4623-B04A-F3A4743A25FB}.Debug|Mixed Platforms.Build.0 = Debug|Win32
		{1E6DF9F5-6962-4623-B04A-F3A4743A25FB}.Debug|Win32.ActiveCfg = Debug|Win32
		{1E6DF9F5-6962-4623-B04A-F3A4743A25FB}.Debug|Win32.Build.0 = Debug|Win32
		{1E6DF9F5-6962-4623-B04A-F3A4743A25FB}.Release|Any CPU.ActiveCfg = Release|Win32
		{1E6DF9F5-6962-4623-B04A-F3A4743A25FB}.Release|Mixed Platforms.ActiveCfg = Release|Win32
		{1E6DF9F5-6962-4623-B04A-F3A4743A25FB}.Release|Mixed Platforms.Build.0 = Release|Win32
		{1E6DF9F5-6962-4623-B04A-F3A4743A25FB}.Release|Win32.ActiveCfg = Release|Win32
		{1E6DF9F5-6962-4623-B04A-F3A4743A25FB}.Release|Win32.Build.0 = Release|Win32
		{9198F614-2C45-43F9-A582-C2723CBCB7DF}.Debug|Any CPU.ActiveCfg = Debug|Win32
		{9198F614-2C45-43F9-A582-C2723CBCB7DF}.Debug|Mixed Platforms.ActiveCfg = Debug|Win32
		{9198F614-2C45-43F9-A582-C2723CBCB7DF}.Debug|Mixed Platforms.Build.0 = Debug|Win32
		{9198F614-2C45-43F9-A582-C2723CBCB7DF}.Debug|Win32.ActiveCfg = Debug|Win32
		{9198F614-2C45-43F9-A582-C2723CBCB7DF}.Debug|Win32.Build.0 = Debug|Win32
		{9198F614-2C45-43F9-A582-C2723CBCB7DF}.Release|Any CPU.ActiveCfg = Release|Win32
		{9198F614-2C45-43F9-A582-C2723CBCB7DF}.Release|Mixed Platforms.ActiveCfg = Release|Win32
		{9198F614-2C45-43F9-A582-C2723CBCB7DF}.Release|Mixed Platforms.Build.0 = Release|Win32
		{9198F614-2C45-43F9-A582-C2723CBCB7DF}.Release|Win32.ActiveCfg = Release|Win32
		{9198F614-2C45-43F9-A582-C2723CBCB7DF}.Release|Win32.Build.0 = Release|Win32
		{F7D4F17F-1999-4604-A938-C6DF1C3CAFCA}.Debug|Any CPU.ActiveCfg = Debug|Win32
		{F7D4F17F-1999-4604-A938-C6DF1C3CAFCA}.Debug|Mixed Platforms.ActiveCfg = Debug|Win32
		{F7D4F17F-1999-4604-A938-C6DF1C3CAFCA}.Debug|Mixed Platforms.Build.0 = Debug|Win32
		{F7D4F17F-1999-4604-A938-C6DF1C3CAFCA}.Debug|Win32.ActiveCfg = Debug|Win32
		{F7D4F17F-1999-4604-A938-C6DF1C3CAFCA}.Debug|Win32.Build.0 = Debug|Win32
		{F7D4F17F-1999-4604-A938-C6DF1C3CAFCA}.Release|Any CPU.ActiveCfg = Release|Win32
		{F7D4F17F-1999-4604-A938-C6DF1C3CAFCA}.Release|Mixed Platforms.ActiveCfg = Release|Win32
		{F7D4F17F-1999-4604-A938-C6DF1C3CAFCA}.Release|Mixed Platforms.Build.0 = Release|Win32
		{F7D4F17F-1999-4604-A938-C6DF1C3CAFCA}.Release|Win32.ActiveCfg = Release|Win32
		{F7D4F17F-1999-4604-A938-C6DF1C3CAFCA}.Release|Win32.Build.0 = Release|Win32
		{1617E300-55AC-4E72-81BA-81004B3FA46A}.Debug|Any CPU.ActiveCfg = Debug|Win32
		{1617E300-55AC-4E72-81BA-81004B3FA46A}.Debug|Mixed Platforms.ActiveCfg = Debug|Win32
		{1617E300-55AC-4E72-81BA-81004B3FA46A}.Debug|Mixed Platforms.Build.0 = Debug|Win32
		{1617E300-55AC-4E72-81BA-81004B3FA46A}.Debug|Win32.ActiveCfg = Debug|Win32
		{1617E300-55AC-4E72-81BA-81004B3FA46A}.Debug|Win32.Build.0 = Debug|Win32
		{1617E300-55AC-4E72-81BA-81004B3FA46A}.Release|Any CPU.ActiveCfg = Release|Win32
		{1617E300-55AC-4E72-81BA-81004B3FA46A}.Release|Mixed Platforms.ActiveCfg = Release|Win32
		{1617E300-55AC-4E72-81BA-81004B3FA46A}.Release|Mixed Platforms.Build.0 = Release|Win32
		{1617E300-55AC-4E72-81BA-81004B3FA46A}.Release|Win32.ActiveCfg = Release|Win32
		{1617E300-55AC-4E72-81BA-81004B3FA46A}.Release|Win32.Build.0 = Release|Win32
		{D8F9375C-1F23-4C97-A136-12D1A7F1ACFF}.Debug|Any CPU.ActiveCfg = Debug|Win32
		{D8F9375C-1F23-4C97-A136-12D1A7F1ACFF}.Debug|Mixed Platforms.ActiveCfg = Debug|Win32
		{D8F9375C-1F23-4C97-A136-12D1A7F1ACFF}.Debug|Mixed Platforms.Build.0 = Debug|Win32
		{D8F9375C-1F23-4C97-A136-12D1A7F1ACFF}.Debug|Win32.ActiveCfg = Debug|Win32
		{D8F9375C-1F23-4C97-A136-12D1A7F1ACFF}.Debug|Win32.Build.0 = Debug|Win32
		{D8F9375C-1F23-4C97-A136-12D1A7F1ACFF}.Release|Any CPU.ActiveCfg = Release|Win32
		{D8F9375C-1F23-4C97-A136-12D1A7F1ACFF}.Release|Mixed Platforms.ActiveCfg = Release|Win32
		{D8F9375C-1F23-4C97-A136-12D1A7F1ACFF}.Release|Mixed Platforms.Build.0 = Release|Win32
		{D8F9375C-1F23-4C97-A136-12D1A7F1ACFF}.Release|Win32.ActiveCfg = Release|Win32
		{D8F9375C-1F23-4C97-A136-12D1A7F1ACFF}.Release|Win32.Build.0 = Release|Win32
	EndGlobalSection
	GlobalSection(SolutionProperties) = preSolution
		HideSolutionNode = FALSE
	EndGlobalSection
	GlobalSection(NestedProjects) = preSolution
		{11B02D76-FBA3-4B96-A5B2-CC075A0DF247} = {88151FB7-D71D-43B2-B1F1-416E69931F8A}
		{FC558F2B-8274-46B2-A4A7-D2169DC685C1} = {88151FB7-D71D-43B2-B1F1-416E69931F8A}
		{9D6D27DE-BC76-403E-9672-6EBA6EDC38A0} = {88151FB7-D71D-43B2-B1F1-416E69931F8A}
		{714599C7-EAC8-4A4D-AF3F-CDE2B813682D} = {88151FB7-D71D-43B2-B1F1-416E69931F8A}
		{3E76ED3E-80E5-422D-9421-B21AA63E31A5} = {83EE0973-3FCE-4D89-A447-A14189B46B11}
		{1898861B-380E-4029-AB77-B1BC03215194} = {9391D644-2CA9-4DBD-9437-F46404BB844D}
		{1E6DF9F5-6962-4623-B04A-F3A4743A25FB} = {D0D4C386-3919-46D9-9CEF-1309B91269A6}
		{9198F614-2C45-43F9-A582-C2723CBCB7DF} = {B388354E-DD1D-4AA7-B2E3-061E7AE83213}
		{F7D4F17F-1999-4604-A938-C6DF1C3CAFCA} = {A9C330CA-942B-4DB5-903E-A246609A1398}
		{1617E300-55AC-4E72-81BA-81004B3FA46A} = {ADBD9152-6E06-4191-A628-96F8FA8C1296}
		{D8F9375C-1F23-4C97-A136-12D1A7F1ACFF} = {3294E150-9C7A-42E6-8606-ED6EFE2B8F73}
	EndGlobalSection
EndGlobal
